
Microsoft Visual Studio Solution File, Format Version 12.00
# Visual Studio Version 16
VisualStudioVersion = 16.0.29519.87
MinimumVisualStudioVersion = 10.0.40219.1
Project("{FAE04EC0-301F-11D3-BF4B-00C04F79EFBC}") = "TechSupport", "TechSupport\TechSupport.csproj", "{A03E6CED-0B04-4925-89DE-2EB301420B1F}"
EndProject
Global
	GlobalSection(SolutionConfigurationPlatforms) = preSolution
		Debug|Any CPU = Debug|Any CPU
		Release|Any CPU = Release|Any CPU
	EndGlobalSection
	GlobalSection(ProjectConfigurationPlatforms) = postSolution
		{A03E6CED-0B04-4925-89DE-2EB301420B1F}.Debug|Any CPU.ActiveCfg = Debug|Any CPU
		{A03E6CED-0B04-4925-89DE-2EB301420B1F}.Debug|Any CPU.Build.0 = Debug|Any CPU
		{A03E6CED-0B04-4925-89DE-2EB301420B1F}.Release|Any CPU.ActiveCfg = Release|Any CPU
		{A03E6CED-0B04-4925-89DE-2EB301420B1F}.Release|Any CPU.Build.0 = Release|Any CPU
	EndGlobalSection
	GlobalSection(SolutionProperties) = preSolution
		HideSolutionNode = FALSE
	EndGlobalSection
	GlobalSection(ExtensibilityGlobals) = postSolution
		SolutionGuid = {C2D94859-3125-453B-9F12-FE67FC6AF17E}
	EndGlobalSection
EndGlobal
